// !$*UTF8*$!
{
	archiveVersion = 1;
	classes = {
	};
	objectVersion = 46;
	objects = {

/* Begin PBXBuildFile section */
		2718B0ED1DEF8C4B009E7F92 /* carbon.cpp in Sources */ = {isa = PBXBuildFile; fileRef = 2718B0EC1DEF8C4B009E7F92 /* carbon.cpp */; };
		2718B0EF1DEF8CB5009E7F92 /* test_carbon.cpp in Sources */ = {isa = PBXBuildFile; fileRef = 2718B0EE1DEF8CB5009E7F92 /* test_carbon.cpp */; };
		2718B0F01DEF8CD3009E7F92 /* test_carbon.cpp in Sources */ = {isa = PBXBuildFile; fileRef = 2718B0EE1DEF8CB5009E7F92 /* test_carbon.cpp */; };
		2729B1011DDCEE2D00CF2B48 /* test_adapt.cpp in Sources */ = {isa = PBXBuildFile; fileRef = 2729B1001DDCEE2D00CF2B48 /* test_adapt.cpp */; };
		27B7A7C51DDB591C00E8D631 /* test_int.cpp in Sources */ = {isa = PBXBuildFile; fileRef = 27B7A7C41DDB591C00E8D631 /* test_int.cpp */; };
/* End PBXBuildFile section */

/* Begin PBXCopyFilesBuildPhase section */
		2718B0E31DEF8C31009E7F92 /* CopyFiles */ = {
			isa = PBXCopyFilesBuildPhase;
			buildActionMask = 2147483647;
			dstPath = /usr/share/man/man1/;
			dstSubfolderSpec = 0;
			files = (
			);
			runOnlyForDeploymentPostprocessing = 1;
		};
		2729B0F71DDCE5CF00CF2B48 /* CopyFiles */ = {
			isa = PBXCopyFilesBuildPhase;
			buildActionMask = 2147483647;
			dstPath = /usr/share/man/man1/;
			dstSubfolderSpec = 0;
			files = (
			);
			runOnlyForDeploymentPostprocessing = 1;
		};
		27B7A7B61DDB586A00E8D631 /* CopyFiles */ = {
			isa = PBXCopyFilesBuildPhase;
			buildActionMask = 2147483647;
			dstPath = /usr/share/man/man1/;
			dstSubfolderSpec = 0;
			files = (
			);
			runOnlyForDeploymentPostprocessing = 1;
		};
/* End PBXCopyFilesBuildPhase section */

/* Begin PBXFileReference section */
		2718B0E51DEF8C31009E7F92 /* proj4_c */ = {isa = PBXFileReference; explicitFileType = "compiled.mach-o.executable"; includeInIndex = 0; path = proj4_c; sourceTree = BUILT_PRODUCTS_DIR; };
		2718B0EC1DEF8C4B009E7F92 /* carbon.cpp */ = {isa = PBXFileReference; fileEncoding = 4; lastKnownFileType = sourcecode.cpp.cpp; name = carbon.cpp; path = src/carbon.cpp; sourceTree = "<group>"; };
		2718B0EE1DEF8CB5009E7F92 /* test_carbon.cpp */ = {isa = PBXFileReference; fileEncoding = 4; lastKnownFileType = sourcecode.cpp.cpp; name = test_carbon.cpp; path = src/test_carbon.cpp; sourceTree = "<group>"; };
		2729B0F31DDCE55B00CF2B48 /* adaptive_int.cpp */ = {isa = PBXFileReference; fileEncoding = 4; lastKnownFileType = sourcecode.cpp.cpp; name = adaptive_int.cpp; path = src/adaptive_int.cpp; sourceTree = "<group>"; };
		2729B0F91DDCE5CF00CF2B48 /* proj4_b */ = {isa = PBXFileReference; explicitFileType = "compiled.mach-o.executable"; includeInIndex = 0; path = proj4_b; sourceTree = BUILT_PRODUCTS_DIR; };
		2729B1001DDCEE2D00CF2B48 /* test_adapt.cpp */ = {isa = PBXFileReference; fileEncoding = 4; lastKnownFileType = sourcecode.cpp.cpp; name = test_adapt.cpp; path = src/test_adapt.cpp; sourceTree = "<group>"; };
		27B7A7B81DDB586A00E8D631 /* proj4_a */ = {isa = PBXFileReference; explicitFileType = "compiled.mach-o.executable"; includeInIndex = 0; path = proj4_a; sourceTree = BUILT_PRODUCTS_DIR; };
		27B7A7C21DDB58A400E8D631 /* composite_int.cpp */ = {isa = PBXFileReference; fileEncoding = 4; lastKnownFileType = sourcecode.cpp.cpp; name = composite_int.cpp; path = src/composite_int.cpp; sourceTree = "<group>"; };
		27B7A7C41DDB591C00E8D631 /* test_int.cpp */ = {isa = PBXFileReference; fileEncoding = 4; lastKnownFileType = sourcecode.cpp.cpp; name = test_int.cpp; path = src/test_int.cpp; sourceTree = "<group>"; };
		27B7A7C61DDB689300E8D631 /* Matrix.cpp */ = {isa = PBXFileReference; fileEncoding = 4; lastKnownFileType = sourcecode.cpp.cpp; name = Matrix.cpp; path = lib/Matrix.cpp; sourceTree = "<group>"; };
		27B7A7C71DDB689300E8D631 /* Matrix.h */ = {isa = PBXFileReference; fileEncoding = 4; lastKnownFileType = sourcecode.c.h; name = Matrix.h; path = lib/Matrix.h; sourceTree = "<group>"; };
		27B7A7C81DDB689300E8D631 /* NotImplementedException.h */ = {isa = PBXFileReference; fileEncoding = 4; lastKnownFileType = sourcecode.c.h; name = NotImplementedException.h; path = lib/NotImplementedException.h; sourceTree = "<group>"; };
		27B7A7C91DDB689300E8D631 /* Serializable.h */ = {isa = PBXFileReference; fileEncoding = 4; lastKnownFileType = sourcecode.c.h; name = Serializable.h; path = lib/Serializable.h; sourceTree = "<group>"; };
		27B7A7CA1DDB689300E8D631 /* Types.h */ = {isa = PBXFileReference; fileEncoding = 4; lastKnownFileType = sourcecode.c.h; name = Types.h; path = lib/Types.h; sourceTree = "<group>"; };
		27B7A7CB1DDB689300E8D631 /* Vector.cpp */ = {isa = PBXFileReference; fileEncoding = 4; lastKnownFileType = sourcecode.cpp.cpp; name = Vector.cpp; path = lib/Vector.cpp; sourceTree = "<group>"; };
		27B7A7CC1DDB689300E8D631 /* Vector.h */ = {isa = PBXFileReference; fileEncoding = 4; lastKnownFileType = sourcecode.c.h; name = Vector.h; path = lib/Vector.h; sourceTree = "<group>"; };
		27B7A7D01DDB73C200E8D631 /* println.cpp */ = {isa = PBXFileReference; fileEncoding = 4; lastKnownFileType = sourcecode.cpp.cpp; name = println.cpp; path = src/println.cpp; sourceTree = "<group>"; };
/* End PBXFileReference section */

/* Begin PBXFrameworksBuildPhase section */
		2718B0E21DEF8C31009E7F92 /* Frameworks */ = {
			isa = PBXFrameworksBuildPhase;
			buildActionMask = 2147483647;
			files = (
			);
			runOnlyForDeploymentPostprocessing = 0;
		};
		2729B0F61DDCE5CF00CF2B48 /* Frameworks */ = {
			isa = PBXFrameworksBuildPhase;
			buildActionMask = 2147483647;
			files = (
			);
			runOnlyForDeploymentPostprocessing = 0;
		};
		27B7A7B51DDB586A00E8D631 /* Frameworks */ = {
			isa = PBXFrameworksBuildPhase;
			buildActionMask = 2147483647;
			files = (
			);
			runOnlyForDeploymentPostprocessing = 0;
		};
/* End PBXFrameworksBuildPhase section */

/* Begin PBXGroup section */
		2718B0E01DEF8C11009E7F92 /* c */ = {
			isa = PBXGroup;
			children = (
				2718B0EC1DEF8C4B009E7F92 /* carbon.cpp */,
				2718B0EE1DEF8CB5009E7F92 /* test_carbon.cpp */,
			);
			name = c;
			sourceTree = "<group>";
		};
		2729B0F11DDCE51700CF2B48 /* a */ = {
			isa = PBXGroup;
			children = (
				27B7A7C21DDB58A400E8D631 /* composite_int.cpp */,
				27B7A7C41DDB591C00E8D631 /* test_int.cpp */,
			);
			name = a;
			sourceTree = "<group>";
		};
		2729B0F21DDCE53B00CF2B48 /* b */ = {
			isa = PBXGroup;
			children = (
				2729B0F31DDCE55B00CF2B48 /* adaptive_int.cpp */,
				2729B1001DDCEE2D00CF2B48 /* test_adapt.cpp */,
			);
			name = b;
			sourceTree = "<group>";
		};
		27B7A7AF1DDB586A00E8D631 = {
			isa = PBXGroup;
			children = (
				27B7A7CF1DDB689A00E8D631 /* matrix */,
				27B7A7D01DDB73C200E8D631 /* println.cpp */,
				2729B0F11DDCE51700CF2B48 /* a */,
				2729B0F21DDCE53B00CF2B48 /* b */,
				2718B0E01DEF8C11009E7F92 /* c */,
				27B7A7B91DDB586A00E8D631 /* Products */,
			);
			sourceTree = "<group>";
		};
		27B7A7B91DDB586A00E8D631 /* Products */ = {
			isa = PBXGroup;
			children = (
				27B7A7B81DDB586A00E8D631 /* proj4_a */,
				2729B0F91DDCE5CF00CF2B48 /* proj4_b */,
				2718B0E51DEF8C31009E7F92 /* proj4_c */,
			);
			name = Products;
			sourceTree = "<group>";
		};
		27B7A7CF1DDB689A00E8D631 /* matrix */ = {
			isa = PBXGroup;
			children = (
				27B7A7C61DDB689300E8D631 /* Matrix.cpp */,
				27B7A7C71DDB689300E8D631 /* Matrix.h */,
				27B7A7C81DDB689300E8D631 /* NotImplementedException.h */,
				27B7A7C91DDB689300E8D631 /* Serializable.h */,
				27B7A7CA1DDB689300E8D631 /* Types.h */,
				27B7A7CB1DDB689300E8D631 /* Vector.cpp */,
				27B7A7CC1DDB689300E8D631 /* Vector.h */,
			);
			name = matrix;
			sourceTree = "<group>";
		};
/* End PBXGroup section */

/* Begin PBXNativeTarget section */
		2718B0E41DEF8C31009E7F92 /* proj4_c */ = {
			isa = PBXNativeTarget;
			buildConfigurationList = 2718B0E91DEF8C31009E7F92 /* Build configuration list for PBXNativeTarget "proj4_c" */;
			buildPhases = (
				2718B0E11DEF8C31009E7F92 /* Sources */,
				2718B0E21DEF8C31009E7F92 /* Frameworks */,
				2718B0E31DEF8C31009E7F92 /* CopyFiles */,
			);
			buildRules = (
			);
			dependencies = (
			);
			name = proj4_c;
			productName = proj4_c;
			productReference = 2718B0E51DEF8C31009E7F92 /* proj4_c */;
			productType = "com.apple.product-type.tool";
		};
		2729B0F81DDCE5CF00CF2B48 /* proj4_b */ = {
			isa = PBXNativeTarget;
			buildConfigurationList = 2729B0FD1DDCE5CF00CF2B48 /* Build configuration list for PBXNativeTarget "proj4_b" */;
			buildPhases = (
				2729B0F51DDCE5CF00CF2B48 /* Sources */,
				2729B0F61DDCE5CF00CF2B48 /* Frameworks */,
				2729B0F71DDCE5CF00CF2B48 /* CopyFiles */,
			);
			buildRules = (
			);
			dependencies = (
			);
			name = proj4_b;
			productName = proj4_b;
			productReference = 2729B0F91DDCE5CF00CF2B48 /* proj4_b */;
			productType = "com.apple.product-type.tool";
		};
		27B7A7B71DDB586A00E8D631 /* proj4_a */ = {
			isa = PBXNativeTarget;
			buildConfigurationList = 27B7A7BF1DDB586A00E8D631 /* Build configuration list for PBXNativeTarget "proj4_a" */;
			buildPhases = (
				27B7A7B41DDB586A00E8D631 /* Sources */,
				27B7A7B51DDB586A00E8D631 /* Frameworks */,
				27B7A7B61DDB586A00E8D631 /* CopyFiles */,
			);
			buildRules = (
			);
			dependencies = (
			);
			name = proj4_a;
			productName = HPSCProject4;
			productReference = 27B7A7B81DDB586A00E8D631 /* proj4_a */;
			productType = "com.apple.product-type.tool";
		};
/* End PBXNativeTarget section */

/* Begin PBXProject section */
		27B7A7B01DDB586A00E8D631 /* Project object */ = {
			isa = PBXProject;
			attributes = {
				LastUpgradeCheck = 0810;
				ORGANIZATIONNAME = "Paul Herz";
				TargetAttributes = {
					2718B0E41DEF8C31009E7F92 = {
						CreatedOnToolsVersion = 8.1;
						DevelopmentTeam = M8MME6Q9DA;
						ProvisioningStyle = Automatic;
					};
					2729B0F81DDCE5CF00CF2B48 = {
						CreatedOnToolsVersion = 8.1;
						DevelopmentTeam = M8MME6Q9DA;
						ProvisioningStyle = Automatic;
					};
					27B7A7B71DDB586A00E8D631 = {
						CreatedOnToolsVersion = 8.1;
						DevelopmentTeam = M8MME6Q9DA;
						ProvisioningStyle = Automatic;
					};
				};
			};
			buildConfigurationList = 27B7A7B31DDB586A00E8D631 /* Build configuration list for PBXProject "HPSCProject4" */;
			compatibilityVersion = "Xcode 3.2";
			developmentRegion = English;
			hasScannedForEncodings = 0;
			knownRegions = (
				en,
			);
			mainGroup = 27B7A7AF1DDB586A00E8D631;
			productRefGroup = 27B7A7B91DDB586A00E8D631 /* Products */;
			projectDirPath = "";
			projectRoot = "";
			targets = (
				27B7A7B71DDB586A00E8D631 /* proj4_a */,
				2729B0F81DDCE5CF00CF2B48 /* proj4_b */,
				2718B0E41DEF8C31009E7F92 /* proj4_c */,
			);
		};
/* End PBXProject section */

/* Begin PBXSourcesBuildPhase section */
		2718B0E11DEF8C31009E7F92 /* Sources */ = {
			isa = PBXSourcesBuildPhase;
			buildActionMask = 2147483647;
			files = (
				2718B0F01DEF8CD3009E7F92 /* test_carbon.cpp in Sources */,
			);
			runOnlyForDeploymentPostprocessing = 0;
		};
		2729B0F51DDCE5CF00CF2B48 /* Sources */ = {
			isa = PBXSourcesBuildPhase;
			buildActionMask = 2147483647;
			files = (
				2729B1011DDCEE2D00CF2B48 /* test_adapt.cpp in Sources */,
			);
			runOnlyForDeploymentPostprocessing = 0;
		};
		27B7A7B41DDB586A00E8D631 /* Sources */ = {
			isa = PBXSourcesBuildPhase;
			buildActionMask = 2147483647;
			files = (
				2718B0EF1DEF8CB5009E7F92 /* test_carbon.cpp in Sources */,
				2718B0ED1DEF8C4B009E7F92 /* carbon.cpp in Sources */,
				27B7A7C51DDB591C00E8D631 /* test_int.cpp in Sources */,
			);
			runOnlyForDeploymentPostprocessing = 0;
		};
/* End PBXSourcesBuildPhase section */

/* Begin XCBuildConfiguration section */
		2718B0EA1DEF8C31009E7F92 /* Debug */ = {
			isa = XCBuildConfiguration;
			buildSettings = {
				DEVELOPMENT_TEAM = M8MME6Q9DA;
				PRODUCT_NAME = "$(TARGET_NAME)";
			};
			name = Debug;
		};
		2718B0EB1DEF8C31009E7F92 /* Release */ = {
			isa = XCBuildConfiguration;
			buildSettings = {
				DEVELOPMENT_TEAM = M8MME6Q9DA;
				PRODUCT_NAME = "$(TARGET_NAME)";
			};
			name = Release;
		};
		2729B0FE1DDCE5CF00CF2B48 /* Debug */ = {
			isa = XCBuildConfiguration;
			buildSettings = {
				DEVELOPMENT_TEAM = M8MME6Q9DA;
				PRODUCT_NAME = "$(TARGET_NAME)";
			};
			name = Debug;
		};
		2729B0FF1DDCE5CF00CF2B48 /* Release */ = {
			isa = XCBuildConfiguration;
			buildSettings = {
				DEVELOPMENT_TEAM = M8MME6Q9DA;
				PRODUCT_NAME = "$(TARGET_NAME)";
			};
			name = Release;
		};
		27B7A7BD1DDB586A00E8D631 /* Debug */ = {
			isa = XCBuildConfiguration;
			buildSettings = {
				ALWAYS_SEARCH_USER_PATHS = NO;
				CLANG_ANALYZER_NONNULL = YES;
				CLANG_CXX_LANGUAGE_STANDARD = "gnu++0x";
				CLANG_CXX_LIBRARY = "libc++";
				CLANG_ENABLE_MODULES = YES;
				CLANG_ENABLE_OBJC_ARC = YES;
				CLANG_WARN_BOOL_CONVERSION = YES;
				CLANG_WARN_CONSTANT_CONVERSION = YES;
				CLANG_WARN_DIRECT_OBJC_ISA_USAGE = YES_ERROR;
				CLANG_WARN_DOCUMENTATION_COMMENTS = YES;
				CLANG_WARN_EMPTY_BODY = YES;
				CLANG_WARN_ENUM_CONVERSION = YES;
				CLANG_WARN_INFINITE_RECURSION = YES;
				CLANG_WARN_INT_CONVERSION = YES;
				CLANG_WARN_OBJC_ROOT_CLASS = YES_ERROR;
				CLANG_WARN_SUSPICIOUS_MOVES = YES;
				CLANG_WARN_UNREACHABLE_CODE = YES;
				CLANG_WARN__DUPLICATE_METHOD_MATCH = YES;
				CODE_SIGN_IDENTITY = "-";
				COPY_PHASE_STRIP = NO;
				DEBUG_INFORMATION_FORMAT = dwarf;
				ENABLE_STRICT_OBJC_MSGSEND = YES;
				ENABLE_TESTABILITY = YES;
				GCC_C_LANGUAGE_STANDARD = gnu99;
				GCC_DYNAMIC_NO_PIC = NO;
				GCC_NO_COMMON_BLOCKS = YES;
				GCC_OPTIMIZATION_LEVEL = 0;
				GCC_PREPROCESSOR_DEFINITIONS = (
					"DEBUG=1",
					"$(inherited)",
				);
				GCC_WARN_64_TO_32_BIT_CONVERSION = YES;
				GCC_WARN_ABOUT_RETURN_TYPE = YES_ERROR;
				GCC_WARN_UNDECLARED_SELECTOR = YES;
				GCC_WARN_UNINITIALIZED_AUTOS = YES_AGGRESSIVE;
				GCC_WARN_UNUSED_FUNCTION = YES;
				GCC_WARN_UNUSED_VARIABLE = YES;
				MACOSX_DEPLOYMENT_TARGET = 10.12;
				MTL_ENABLE_DEBUG_INFO = YES;
				ONLY_ACTIVE_ARCH = YES;
				SDKROOT = macosx;
			};
			name = Debug;
		};
		27B7A7BE1DDB586A00E8D631 /* Release */ = {
			isa = XCBuildConfiguration;
			buildSettings = {
				ALWAYS_SEARCH_USER_PATHS = NO;
				CLANG_ANALYZER_NONNULL = YES;
				CLANG_CXX_LANGUAGE_STANDARD = "gnu++0x";
				CLANG_CXX_LIBRARY = "libc++";
				CLANG_ENABLE_MODULES = YES;
				CLANG_ENABLE_OBJC_ARC = YES;
				CLANG_WARN_BOOL_CONVERSION = YES;
				CLANG_WARN_CONSTANT_CONVERSION = YES;
				CLANG_WARN_DIRECT_OBJC_ISA_USAGE = YES_ERROR;
				CLANG_WARN_DOCUMENTATION_COMMENTS = YES;
				CLANG_WARN_EMPTY_BODY = YES;
				CLANG_WARN_ENUM_CONVERSION = YES;
				CLANG_WARN_INFINITE_RECURSION = YES;
				CLANG_WARN_INT_CONVERSION = YES;
				CLANG_WARN_OBJC_ROOT_CLASS = YES_ERROR;
				CLANG_WARN_SUSPICIOUS_MOVES = YES;
				CLANG_WARN_UNREACHABLE_CODE = YES;
				CLANG_WARN__DUPLICATE_METHOD_MATCH = YES;
				CODE_SIGN_IDENTITY = "-";
				COPY_PHASE_STRIP = NO;
				DEBUG_INFORMATION_FORMAT = "dwarf-with-dsym";
				ENABLE_NS_ASSERTIONS = NO;
				ENABLE_STRICT_OBJC_MSGSEND = YES;
				GCC_C_LANGUAGE_STANDARD = gnu99;
				GCC_NO_COMMON_BLOCKS = YES;
				GCC_WARN_64_TO_32_BIT_CONVERSION = YES;
				GCC_WARN_ABOUT_RETURN_TYPE = YES_ERROR;
				GCC_WARN_UNDECLARED_SELECTOR = YES;
				GCC_WARN_UNINITIALIZED_AUTOS = YES_AGGRESSIVE;
				GCC_WARN_UNUSED_FUNCTION = YES;
				GCC_WARN_UNUSED_VARIABLE = YES;
				MACOSX_DEPLOYMENT_TARGET = 10.12;
				MTL_ENABLE_DEBUG_INFO = NO;
				SDKROOT = macosx;
			};
			name = Release;
		};
		27B7A7C01DDB586A00E8D631 /* Debug */ = {
			isa = XCBuildConfiguration;
			buildSettings = {
				CLANG_CXX_LANGUAGE_STANDARD = "c++14";
				DEVELOPMENT_TEAM = M8MME6Q9DA;
				PRODUCT_NAME = "$(TARGET_NAME)";
			};
			name = Debug;
		};
		27B7A7C11DDB586A00E8D631 /* Release */ = {
			isa = XCBuildConfiguration;
			buildSettings = {
				CLANG_CXX_LANGUAGE_STANDARD = "c++14";
				DEVELOPMENT_TEAM = M8MME6Q9DA;
				PRODUCT_NAME = "$(TARGET_NAME)";
			};
			name = Release;
		};
/* End XCBuildConfiguration section */

/* Begin XCConfigurationList section */
		2718B0E91DEF8C31009E7F92 /* Build configuration list for PBXNativeTarget "proj4_c" */ = {
			isa = XCConfigurationList;
			buildConfigurations = (
				2718B0EA1DEF8C31009E7F92 /* Debug */,
				2718B0EB1DEF8C31009E7F92 /* Release */,
			);
			defaultConfigurationIsVisible = 0;
		};
		2729B0FD1DDCE5CF00CF2B48 /* Build configuration list for PBXNativeTarget "proj4_b" */ = {
			isa = XCConfigurationList;
			buildConfigurations = (
				2729B0FE1DDCE5CF00CF2B48 /* Debug */,
				2729B0FF1DDCE5CF00CF2B48 /* Release */,
			);
			defaultConfigurationIsVisible = 0;
			defaultConfigurationName = Release;
		};
		27B7A7B31DDB586A00E8D631 /* Build configuration list for PBXProject "HPSCProject4" */ = {
			isa = XCConfigurationList;
			buildConfigurations = (
				27B7A7BD1DDB586A00E8D631 /* Debug */,
				27B7A7BE1DDB586A00E8D631 /* Release */,
			);
			defaultConfigurationIsVisible = 0;
			defaultConfigurationName = Release;
		};
		27B7A7BF1DDB586A00E8D631 /* Build configuration list for PBXNativeTarget "proj4_a" */ = {
			isa = XCConfigurationList;
			buildConfigurations = (
				27B7A7C01DDB586A00E8D631 /* Debug */,
				27B7A7C11DDB586A00E8D631 /* Release */,
			);
			defaultConfigurationIsVisible = 0;
			defaultConfigurationName = Release;
		};
/* End XCConfigurationList section */
	};
	rootObject = 27B7A7B01DDB586A00E8D631 /* Project object */;
}
